
Microsoft Visual Studio Solution File, Format Version 12.00
# Visual Studio Version 16
VisualStudioVersion = 16.0.31624.102
MinimumVisualStudioVersion = 10.0.40219.1
Project("{FAE04EC0-301F-11D3-BF4B-00C04F79EFBC}") = "RestTimer", "RestTimer\RestTimer.csproj", "{F29D30E5-6F85-4317-99AA-B0C102CA89FC}"
EndProject
Global
	GlobalSection(SolutionConfigurationPlatforms) = preSolution
		Debug|Any CPU = Debug|Any CPU
		Release|Any CPU = Release|Any CPU
	EndGlobalSection
	GlobalSection(ProjectConfigurationPlatforms) = postSolution
		{F29D30E5-6F85-4317-99AA-B0C102CA89FC}.Debug|Any CPU.ActiveCfg = Debug|Any CPU
		{F29D30E5-6F85-4317-99AA-B0C102CA89FC}.Debug|Any CPU.Build.0 = Debug|Any CPU
		{F29D30E5-6F85-4317-99AA-B0C102CA89FC}.Release|Any CPU.ActiveCfg = Release|Any CPU
		{F29D30E5-6F85-4317-99AA-B0C102CA89FC}.Release|Any CPU.Build.0 = Release|Any CPU
	EndGlobalSection
	GlobalSection(SolutionProperties) = preSolution
		HideSolutionNode = FALSE
	EndGlobalSection
	GlobalSection(ExtensibilityGlobals) = postSolution
		SolutionGuid = {36BA8F73-D2CD-4468-8905-98E1DFBF11C6}
	EndGlobalSection
EndGlobal
